PATH
  remote: .
  specs:
    weft-sdk (0.26.0)
      typhoeus (~> 1.0)

GEM
  remote: https://rubygems.org/
  specs:
    drb (2.2.3)
    ethon (0.18.0)
      ffi (>= 1.15.0)
      logger
    ffi (1.17.4)
    ffi (1.17.4-arm64-darwin)
    logger (1.7.0)
    minitest (6.0.6)
      drb (~> 2.0)
      prism (~> 1.5)
    minitest-mock (5.27.0)
    prism (1.9.0)
    rake (13.4.2)
    typhoeus (1.6.0)
      ethon (>= 0.18.0)

PLATFORMS
  arm64-darwin-24
  ruby

DEPENDENCIES
  minitest (~> 6.0)
  minitest-mock (~> 5.27)
  rake (~> 13.4)
  weft-sdk!

CHECKSUMS
  drb (2.2.3) sha256=0b00d6fdb50995fe4a45dea13663493c841112e4068656854646f418fda13373
  ethon (0.18.0) sha256=b598afc9f30448cb068b850714b7d6948e941476095d04f90a4ac65b8d6efcb2
  ffi (1.17.4) sha256=bcd1642e06f0d16fc9e09ac6d49c3a7298b9789bcb58127302f934e437d60acf
  ffi (1.17.4-arm64-darwin) sha256=19071aaf1419251b0a46852abf960e77330a3b334d13a4ab51d58b31a937001b
  logger (1.7.0) sha256=196edec7cc44b66cfb40f9755ce11b392f21f7967696af15d274dde7edff0203
  minitest (6.0.6) sha256=153ea36d1d987a62942382b61075745042a2b3123b1cd48f4c3675af9cc7d6f1
  minitest-mock (5.27.0) sha256=7040ed7185417a966920987eaa6eaf1be4ea1fc5b25bb03ff4703f98564a55b0
  prism (1.9.0) sha256=7b530c6a9f92c24300014919c9dcbc055bf4cdf51ec30aed099b06cd6674ef85
  rake (13.4.2) sha256=cb825b2bd5f1f8e91ca37bddb4b9aaf345551b4731da62949be002fa89283701
  typhoeus (1.6.0) sha256=bacc41c23e379547e29801dc235cd1699b70b955a1ba3d32b2b877aa844c331d
  weft-sdk (0.26.0)

BUNDLED WITH
  4.0.5
